
Microsoft Visual Studio Solution File, Format Version 12.00
# Visual Studio Version 17
VisualStudioVersion = 17.14.36603.0
MinimumVisualStudioVersion = 10.0.40219.1
Project("{2150E333-8FDC-42A3-9474-1A3956D46DE8}") = "Bootstraper", "Bootstraper", "{02EA681E-C7D8-13C7-8484-4AC65E1B71E8}"
EndProject
Project("{2150E333-8FDC-42A3-9474-1A3956D46DE8}") = "Modules", "Modules", "{8D39A640-6975-4BA1-8F3F-97CEE2496E0E}"
EndProject
Project("{2150E333-8FDC-42A3-9474-1A3956D46DE8}") = "Shared", "Shared", "{98DC2043-9F91-46BD-B66C-948C9A6EBCF5}"
EndProject
Project("{FAE04EC0-301F-11D3-BF4B-00C04F79EFBC}") = "Api", "Bootstraper\Api\Api.csproj", "{9B9AAA03-FE89-45EC-AE55-AF6DD96C9F39}"
EndProject
Project("{2150E333-8FDC-42A3-9474-1A3956D46DE8}") = "Catalog", "Catalog", "{B530C84D-5F75-4D1A-BF48-8E93FC7CD26E}"
EndProject
Project("{2150E333-8FDC-42A3-9474-1A3956D46DE8}") = "Lending", "Lending", "{EC948887-9449-415A-A59E-52BDF70CAF0D}"
EndProject
Project("{2150E333-8FDC-42A3-9474-1A3956D46DE8}") = "Basket", "Basket", "{B72D20A7-69FF-4777-9274-FA1810C46065}"
EndProject
Project("{FAE04EC0-301F-11D3-BF4B-00C04F79EFBC}") = "Catalog", "Modules\Catalog\Catalog\Catalog.csproj", "{14509096-56F0-41BB-8CEB-79F2BCA4992B}"
EndProject
Project("{FAE04EC0-301F-11D3-BF4B-00C04F79EFBC}") = "Basket", "Modules\Basket\Basket\Basket.csproj", "{248DD4FB-51CC-4F96-9634-B70717413F27}"
EndProject
Project("{FAE04EC0-301F-11D3-BF4B-00C04F79EFBC}") = "Lending", "Modules\Lending\Lending\Lending.csproj", "{30AC28E0-2938-47B9-ACB8-83D070D1638C}"
EndProject
Project("{FAE04EC0-301F-11D3-BF4B-00C04F79EFBC}") = "Shared", "Shared\Shared\Shared.csproj", "{CB101D0F-FE31-4B20-A014-0D9BA65C3E19}"
EndProject
Global
	GlobalSection(SolutionConfigurationPlatforms) = preSolution
		Debug|Any CPU = Debug|Any CPU
		Release|Any CPU = Release|Any CPU
	EndGlobalSection
	GlobalSection(ProjectConfigurationPlatforms) = postSolution
		{9B9AAA03-FE89-45EC-AE55-AF6DD96C9F39}.Debug|Any CPU.ActiveCfg = Debug|Any CPU
		{9B9AAA03-FE89-45EC-AE55-AF6DD96C9F39}.Debug|Any CPU.Build.0 = Debug|Any CPU
		{9B9AAA03-FE89-45EC-AE55-AF6DD96C9F39}.Release|Any CPU.ActiveCfg = Release|Any CPU
		{9B9AAA03-FE89-45EC-AE55-AF6DD96C9F39}.Release|Any CPU.Build.0 = Release|Any CPU
		{14509096-56F0-41BB-8CEB-79F2BCA4992B}.Debug|Any CPU.ActiveCfg = Debug|Any CPU
		{14509096-56F0-41BB-8CEB-79F2BCA4992B}.Debug|Any CPU.Build.0 = Debug|Any CPU
		{14509096-56F0-41BB-8CEB-79F2BCA4992B}.Release|Any CPU.ActiveCfg = Release|Any CPU
		{14509096-56F0-41BB-8CEB-79F2BCA4992B}.Release|Any CPU.Build.0 = Release|Any CPU
		{248DD4FB-51CC-4F96-9634-B70717413F27}.Debug|Any CPU.ActiveCfg = Debug|Any CPU
		{248DD4FB-51CC-4F96-9634-B70717413F27}.Debug|Any CPU.Build.0 = Debug|Any CPU
		{248DD4FB-51CC-4F96-9634-B70717413F27}.Release|Any CPU.ActiveCfg = Release|Any CPU
		{248DD4FB-51CC-4F96-9634-B70717413F27}.Release|Any CPU.Build.0 = Release|Any CPU
		{30AC28E0-2938-47B9-ACB8-83D070D1638C}.Debug|Any CPU.ActiveCfg = Debug|Any CPU
		{30AC28E0-2938-47B9-ACB8-83D070D1638C}.Debug|Any CPU.Build.0 = Debug|Any CPU
		{30AC28E0-2938-47B9-ACB8-83D070D1638C}.Release|Any CPU.ActiveCfg = Release|Any CPU
		{30AC28E0-2938-47B9-ACB8-83D070D1638C}.Release|Any CPU.Build.0 = Release|Any CPU
		{CB101D0F-FE31-4B20-A014-0D9BA65C3E19}.Debug|Any CPU.ActiveCfg = Debug|Any CPU
		{CB101D0F-FE31-4B20-A014-0D9BA65C3E19}.Debug|Any CPU.Build.0 = Debug|Any CPU
		{CB101D0F-FE31-4B20-A014-0D9BA65C3E19}.Release|Any CPU.ActiveCfg = Release|Any CPU
		{CB101D0F-FE31-4B20-A014-0D9BA65C3E19}.Release|Any CPU.Build.0 = Release|Any CPU
	EndGlobalSection
	GlobalSection(SolutionProperties) = preSolution
		HideSolutionNode = FALSE
	EndGlobalSection
	GlobalSection(NestedProjects) = preSolution
		{9B9AAA03-FE89-45EC-AE55-AF6DD96C9F39} = {02EA681E-C7D8-13C7-8484-4AC65E1B71E8}
		{B530C84D-5F75-4D1A-BF48-8E93FC7CD26E} = {8D39A640-6975-4BA1-8F3F-97CEE2496E0E}
		{EC948887-9449-415A-A59E-52BDF70CAF0D} = {8D39A640-6975-4BA1-8F3F-97CEE2496E0E}
		{B72D20A7-69FF-4777-9274-FA1810C46065} = {8D39A640-6975-4BA1-8F3F-97CEE2496E0E}
		{14509096-56F0-41BB-8CEB-79F2BCA4992B} = {B530C84D-5F75-4D1A-BF48-8E93FC7CD26E}
		{248DD4FB-51CC-4F96-9634-B70717413F27} = {B72D20A7-69FF-4777-9274-FA1810C46065}
		{30AC28E0-2938-47B9-ACB8-83D070D1638C} = {EC948887-9449-415A-A59E-52BDF70CAF0D}
		{CB101D0F-FE31-4B20-A014-0D9BA65C3E19} = {98DC2043-9F91-46BD-B66C-948C9A6EBCF5}
	EndGlobalSection
	GlobalSection(ExtensibilityGlobals) = postSolution
		SolutionGuid = {09B0401F-DEE4-42D7-964E-367DEE6D4024}
	EndGlobalSection
EndGlobal
